// !$*UTF8*$!
{
	archiveVersion = 1;
	classes = {
	};
	objectVersion = 55;
	objects = {

/* Begin PBXBuildFile section */
		083B51EA277DFB4F0052D315 /* ProductDetailsController.swift in Sources */ = {isa = PBXBuildFile; fileRef = 083B51E9277DFB4F0052D315 /* ProductDetailsController.swift */; };
		0849D9BC2776F28200CD65B8 /* AppDelegate.swift in Sources */ = {isa = PBXBuildFile; fileRef = 0849D9BB2776F28200CD65B8 /* AppDelegate.swift */; };
		0849D9BE2776F28200CD65B8 /* SceneDelegate.swift in Sources */ = {isa = PBXBuildFile; fileRef = 0849D9BD2776F28200CD65B8 /* SceneDelegate.swift */; };
		0849D9C02776F28200CD65B8 /* ViewController.swift in Sources */ = {isa = PBXBuildFile; fileRef = 0849D9BF2776F28200CD65B8 /* ViewController.swift */; };
		0849D9C32776F28200CD65B8 /* Main.storyboard in Resources */ = {isa = PBXBuildFile; fileRef = 0849D9C12776F28200CD65B8 /* Main.storyboard */; };
		0849D9C52776F28300CD65B8 /* Assets.xcassets in Resources */ = {isa = PBXBuildFile; fileRef = 0849D9C42776F28300CD65B8 /* Assets.xcassets */; };
		0849D9C82776F28300CD65B8 /* LaunchScreen.storyboard in Resources */ = {isa = PBXBuildFile; fileRef = 0849D9C62776F28300CD65B8 /* LaunchScreen.storyboard */; };
		0849D9D02776F7F000CD65B8 /* Product.swift in Sources */ = {isa = PBXBuildFile; fileRef = 0849D9CF2776F7F000CD65B8 /* Product.swift */; };
		0849D9D22777083A00CD65B8 /* ProductsCell.swift in Sources */ = {isa = PBXBuildFile; fileRef = 0849D9D12777083A00CD65B8 /* ProductsCell.swift */; };
		0849D9D627770C8600CD65B8 /* ListProductsViewController.swift in Sources */ = {isa = PBXBuildFile; fileRef = 0849D9D527770C8600CD65B8 /* ListProductsViewController.swift */; };
		0849D9D8277A0A3400CD65B8 /* Extensions.swift in Sources */ = {isa = PBXBuildFile; fileRef = 0849D9D7277A0A3400CD65B8 /* Extensions.swift */; };
/* End PBXBuildFile section */

/* Begin PBXFileReference section */
		083B51E9277DFB4F0052D315 /* ProductDetailsController.swift */ = {isa = PBXFileReference; lastKnownFileType = sourcecode.swift; path = ProductDetailsController.swift; sourceTree = "<group>"; };
		0849D9B82776F28200CD65B8 /* Shopping list.app */ = {isa = PBXFileReference; explicitFileType = wrapper.application; includeInIndex = 0; path = "Shopping list.app"; sourceTree = BUILT_PRODUCTS_DIR; };
		0849D9BB2776F28200CD65B8 /* AppDelegate.swift */ = {isa = PBXFileReference; lastKnownFileType = sourcecode.swift; path = AppDelegate.swift; sourceTree = "<group>"; };
		0849D9BD2776F28200CD65B8 /* SceneDelegate.swift */ = {isa = PBXFileReference; lastKnownFileType = sourcecode.swift; path = SceneDelegate.swift; sourceTree = "<group>"; };
		0849D9BF2776F28200CD65B8 /* ViewController.swift */ = {isa = PBXFileReference; lastKnownFileType = sourcecode.swift; path = ViewController.swift; sourceTree = "<group>"; };
		0849D9C22776F28200CD65B8 /* Base */ = {isa = PBXFileReference; lastKnownFileType = file.storyboard; name = Base; path = Base.lproj/Main.storyboard; sourceTree = "<group>"; };
		0849D9C42776F28300CD65B8 /* Assets.xcassets */ = {isa = PBXFileReference; lastKnownFileType = folder.assetcatalog; path = Assets.xcassets; sourceTree = "<group>"; };
		0849D9C72776F28300CD65B8 /* Base */ = {isa = PBXFileReference; lastKnownFileType = file.storyboard; name = Base; path = Base.lproj/LaunchScreen.storyboard; sourceTree = "<group>"; };
		0849D9C92776F28300CD65B8 /* Info.plist */ = {isa = PBXFileReference; lastKnownFileType = text.plist.xml; path = Info.plist; sourceTree = "<group>"; };
		0849D9CF2776F7F000CD65B8 /* Product.swift */ = {isa = PBXFileReference; lastKnownFileType = sourcecode.swift; path = Product.swift; sourceTree = "<group>"; };
		0849D9D12777083A00CD65B8 /* ProductsCell.swift */ = {isa = PBXFileReference; lastKnownFileType = sourcecode.swift; path = ProductsCell.swift; sourceTree = "<group>"; };
		0849D9D527770C8600CD65B8 /* ListProductsViewController.swift */ = {isa = PBXFileReference; lastKnownFileType = sourcecode.swift; path = ListProductsViewController.swift; sourceTree = "<group>"; };
		0849D9D7277A0A3400CD65B8 /* Extensions.swift */ = {isa = PBXFileReference; lastKnownFileType = sourcecode.swift; path = Extensions.swift; sourceTree = "<group>"; };
/* End PBXFileReference section */

/* Begin PBXFrameworksBuildPhase section */
		0849D9B52776F28200CD65B8 /* Frameworks */ = {
			isa = PBXFrameworksBuildPhase;
			buildActionMask = 2147483647;
			files = (
			);
			runOnlyForDeploymentPostprocessing = 0;
		};
/* End PBXFrameworksBuildPhase section */

/* Begin PBXGroup section */
		0849D9AF2776F28200CD65B8 = {
			isa = PBXGroup;
			children = (
				0849D9BA2776F28200CD65B8 /* Shopping list */,
				0849D9B92776F28200CD65B8 /* Products */,
			);
			sourceTree = "<group>";
		};
		0849D9B92776F28200CD65B8 /* Products */ = {
			isa = PBXGroup;
			children = (
				0849D9B82776F28200CD65B8 /* Shopping list.app */,
			);
			name = Products;
			sourceTree = "<group>";
		};
		0849D9BA2776F28200CD65B8 /* Shopping list */ = {
			isa = PBXGroup;
			children = (
				0849D9BB2776F28200CD65B8 /* AppDelegate.swift */,
				0849D9BD2776F28200CD65B8 /* SceneDelegate.swift */,
				0849D9BF2776F28200CD65B8 /* ViewController.swift */,
				0849D9CF2776F7F000CD65B8 /* Product.swift */,
				0849D9D12777083A00CD65B8 /* ProductsCell.swift */,
				0849D9D527770C8600CD65B8 /* ListProductsViewController.swift */,
				083B51E9277DFB4F0052D315 /* ProductDetailsController.swift */,
				0849D9D7277A0A3400CD65B8 /* Extensions.swift */,
				0849D9C12776F28200CD65B8 /* Main.storyboard */,
				0849D9C42776F28300CD65B8 /* Assets.xcassets */,
				0849D9C62776F28300CD65B8 /* LaunchScreen.storyboard */,
				0849D9C92776F28300CD65B8 /* Info.plist */,
			);
			path = "Shopping list";
			sourceTree = "<group>";
		};
/* End PBXGroup section */

/* Begin PBXNativeTarget section */
		0849D9B72776F28200CD65B8 /* Shopping list */ = {
			isa = PBXNativeTarget;
			buildConfigurationList = 0849D9CC2776F28300CD65B8 /* Build configuration list for PBXNativeTarget "Shopping list" */;
			buildPhases = (
				0849D9B42776F28200CD65B8 /* Sources */,
				0849D9B52776F28200CD65B8 /* Frameworks */,
				0849D9B62776F28200CD65B8 /* Resources */,
			);
			buildRules = (
			);
			dependencies = (
			);
			name = "Shopping list";
			productName = "Shopping list";
			productReference = 0849D9B82776F28200CD65B8 /* Shopping list.app */;
			productType = "com.apple.product-type.application";
		};
/* End PBXNativeTarget section */

/* Begin PBXProject section */
		0849D9B02776F28200CD65B8 /* Project object */ = {
			isa = PBXProject;
			attributes = {
				BuildIndependentTargetsInParallel = 1;
				LastSwiftUpdateCheck = 1320;
				LastUpgradeCheck = 1320;
				TargetAttributes = {
					0849D9B72776F28200CD65B8 = {
						CreatedOnToolsVersion = 13.2.1;
					};
				};
			};
			buildConfigurationList = 0849D9B32776F28200CD65B8 /* Build configuration list for PBXProject "Shopping list" */;
			compatibilityVersion = "Xcode 13.0";
			developmentRegion = en;
			hasScannedForEncodings = 0;
			knownRegions = (
				en,
				Base,
			);
			mainGroup = 0849D9AF2776F28200CD65B8;
			productRefGroup = 0849D9B92776F28200CD65B8 /* Products */;
			projectDirPath = "";
			projectRoot = "";
			targets = (
				0849D9B72776F28200CD65B8 /* Shopping list */,
			);
		};
/* End PBXProject section */

/* Begin PBXResourcesBuildPhase section */
		0849D9B62776F28200CD65B8 /* Resources */ = {
			isa = PBXResourcesBuildPhase;
			buildActionMask = 2147483647;
			files = (
				0849D9C82776F28300CD65B8 /* LaunchScreen.storyboard in Resources */,
				0849D9C52776F28300CD65B8 /* Assets.xcassets in Resources */,
				0849D9C32776F28200CD65B8 /* Main.storyboard in Resources */,
			);
			runOnlyForDeploymentPostprocessing = 0;
		};
/* End PBXResourcesBuildPhase section */

/* Begin PBXSourcesBuildPhase section */
		0849D9B42776F28200CD65B8 /* Sources */ = {
			isa = PBXSourcesBuildPhase;
			buildActionMask = 2147483647;
			files = (
				0849D9C02776F28200CD65B8 /* ViewController.swift in Sources */,
				0849D9D02776F7F000CD65B8 /* Product.swift in Sources */,
				0849D9BC2776F28200CD65B8 /* AppDelegate.swift in Sources */,
				0849D9BE2776F28200CD65B8 /* SceneDelegate.swift in Sources */,
				083B51EA277DFB4F0052D315 /* ProductDetailsController.swift in Sources */,
				0849D9D627770C8600CD65B8 /* ListProductsViewController.swift in Sources */,
				0849D9D22777083A00CD65B8 /* ProductsCell.swift in Sources */,
				0849D9D8277A0A3400CD65B8 /* Extensions.swift in Sources */,
			);
			runOnlyForDeploymentPostprocessing = 0;
		};
/* End PBXSourcesBuildPhase section */

/* Begin PBXVariantGroup section */
		0849D9C12776F28200CD65B8 /* Main.storyboard */ = {
			isa = PBXVariantGroup;
			children = (
				0849D9C22776F28200CD65B8 /* Base */,
			);
			name = Main.storyboard;
			sourceTree = "<group>";
		};
		0849D9C62776F28300CD65B8 /* LaunchScreen.storyboard */ = {
			isa = PBXVariantGroup;
			children = (
				0849D9C72776F28300CD65B8 /* Base */,
			);
			name = LaunchScreen.storyboard;
			sourceTree = "<group>";
		};
/* End PBXVariantGroup section */

/* Begin XCBuildConfiguration section */
		0849D9CA2776F28300CD65B8 /* Debug */ = {
			isa = XCBuildConfiguration;
			buildSettings = {
				ALWAYS_SEARCH_USER_PATHS = NO;
				CLANG_ANALYZER_NONNULL = YES;
				CLANG_ANALYZER_NUMBER_OBJECT_CONVERSION = YES_AGGRESSIVE;
				CLANG_CXX_LANGUAGE_STANDARD = "gnu++17";
				CLANG_CXX_LIBRARY = "libc++";
				CLANG_ENABLE_MODULES = YES;
				CLANG_ENABLE_OBJC_ARC = YES;
				CLANG_ENABLE_OBJC_WEAK = YES;
				CLANG_WARN_BLOCK_CAPTURE_AUTORELEASING = YES;
				CLANG_WARN_BOOL_CONVERSION = YES;
				CLANG_WARN_COMMA = YES;
				CLANG_WARN_CONSTANT_CONVERSION = YES;
				CLANG_WARN_DEPRECATED_OBJC_IMPLEMENTATIONS = YES;
				CLANG_WARN_DIRECT_OBJC_ISA_USAGE = YES_ERROR;
				CLANG_WARN_DOCUMENTATION_COMMENTS = YES;
				CLANG_WARN_EMPTY_BODY = YES;
				CLANG_WARN_ENUM_CONVERSION = YES;
				CLANG_WARN_INFINITE_RECURSION = YES;
				CLANG_WARN_INT_CONVERSION = YES;
				CLANG_WARN_NON_LITERAL_NULL_CONVERSION = YES;
				CLANG_WARN_OBJC_IMPLICIT_RETAIN_SELF = YES;
				CLANG_WARN_OBJC_LITERAL_CONVERSION = YES;
				CLANG_WARN_OBJC_ROOT_CLASS = YES_ERROR;
				CLANG_WARN_QUOTED_INCLUDE_IN_FRAMEWORK_HEADER = YES;
				CLANG_WARN_RANGE_LOOP_ANALYSIS = YES;
				CLANG_WARN_STRICT_PROTOTYPES = YES;
				CLANG_WARN_SUSPICIOUS_MOVE = YES;
				CLANG_WARN_UNGUARDED_AVAILABILITY = YES_AGGRESSIVE;
				CLANG_WARN_UNREACHABLE_CODE = YES;
				CLANG_WARN__DUPLICATE_METHOD_MATCH = YES;
				COPY_PHASE_STRIP = NO;
				DEBUG_INFORMATION_FORMAT = dwarf;
				ENABLE_STRICT_OBJC_MSGSEND = YES;
				ENABLE_TESTABILITY = YES;
				GCC_C_LANGUAGE_STANDARD = gnu11;
				GCC_DYNAMIC_NO_PIC = NO;
				GCC_NO_COMMON_BLOCKS = YES;
				GCC_OPTIMIZATION_LEVEL = 0;
				GCC_PREPROCESSOR_DEFINITIONS = (
					"DEBUG=1",
					"$(inherited)",
				);
				GCC_WARN_64_TO_32_BIT_CONVERSION = YES;
				GCC_WARN_ABOUT_RETURN_TYPE = YES_ERROR;
				GCC_WARN_UNDECLARED_SELECTOR = YES;
				GCC_WARN_UNINITIALIZED_AUTOS = YES_AGGRESSIVE;
				GCC_WARN_UNUSED_FUNCTION = YES;
				GCC_WARN_UNUSED_VARIABLE = YES;
				IPHONEOS_DEPLOYMENT_TARGET = 15.2;
				MTL_ENABLE_DEBUG_INFO = INCLUDE_SOURCE;
				MTL_FAST_MATH = YES;
				ONLY_ACTIVE_ARCH = YES;
				SDKROOT = iphoneos;
				SWIFT_ACTIVE_COMPILATION_CONDITIONS = DEBUG;
				SWIFT_OPTIMIZATION_LEVEL = "-Onone";
			};
			name = Debug;
		};
		0849D9CB2776F28300CD65B8 /* Release */ = {
			isa = XCBuildConfiguration;
			buildSettings = {
				ALWAYS_SEARCH_USER_PATHS = NO;
				CLANG_ANALYZER_NONNULL = YES;
				CLANG_ANALYZER_NUMBER_OBJECT_CONVERSION = YES_AGGRESSIVE;
				CLANG_CXX_LANGUAGE_STANDARD = "gnu++17";
				CLANG_CXX_LIBRARY = "libc++";
				CLANG_ENABLE_MODULES = YES;
				CLANG_ENABLE_OBJC_ARC = YES;
				CLANG_ENABLE_OBJC_WEAK = YES;
				CLANG_WARN_BLOCK_CAPTURE_AUTORELEASING = YES;
				CLANG_WARN_BOOL_CONVERSION = YES;
				CLANG_WARN_COMMA = YES;
				CLANG_WARN_CONSTANT_CONVERSION = YES;
				CLANG_WARN_DEPRECATED_OBJC_IMPLEMENTATIONS = YES;
				CLANG_WARN_DIRECT_OBJC_ISA_USAGE = YES_ERROR;
				CLANG_WARN_DOCUMENTATION_COMMENTS = YES;
				CLANG_WARN_EMPTY_BODY = YES;
				CLANG_WARN_ENUM_CONVERSION = YES;
				CLANG_WARN_INFINITE_RECURSION = YES;
				CLANG_WARN_INT_CONVERSION = YES;
				CLANG_WARN_NON_LITERAL_NULL_CONVERSION = YES;
				CLANG_WARN_OBJC_IMPLICIT_RETAIN_SELF = YES;
				CLANG_WARN_OBJC_LITERAL_CONVERSION = YES;
				CLANG_WARN_OBJC_ROOT_CLASS = YES_ERROR;
				CLANG_WARN_QUOTED_INCLUDE_IN_FRAMEWORK_HEADER = YES;
				CLANG_WARN_RANGE_LOOP_ANALYSIS = YES;
				CLANG_WARN_STRICT_PROTOTYPES = YES;
				CLANG_WARN_SUSPICIOUS_MOVE = YES;
				CLANG_WARN_UNGUARDED_AVAILABILITY = YES_AGGRESSIVE;
				CLANG_WARN_UNREACHABLE_CODE = YES;
				CLANG_WARN__DUPLICATE_METHOD_MATCH = YES;
				COPY_PHASE_STRIP = NO;
				DEBUG_INFORMATION_FORMAT = "dwarf-with-dsym";
				ENABLE_NS_ASSERTIONS = NO;
				ENABLE_STRICT_OBJC_MSGSEND = YES;
				GCC_C_LANGUAGE_STANDARD = gnu11;
				GCC_NO_COMMON_BLOCKS = YES;
				GCC_WARN_64_TO_32_BIT_CONVERSION = YES;
				GCC_WARN_ABOUT_RETURN_TYPE = YES_ERROR;
				GCC_WARN_UNDECLARED_SELECTOR = YES;
				GCC_WARN_UNINITIALIZED_AUTOS = YES_AGGRESSIVE;
				GCC_WARN_UNUSED_FUNCTION = YES;
				GCC_WARN_UNUSED_VARIABLE = YES;
				IPHONEOS_DEPLOYMENT_TARGET = 15.2;
				MTL_ENABLE_DEBUG_INFO = NO;
				MTL_FAST_MATH = YES;
				SDKROOT = iphoneos;
				SWIFT_COMPILATION_MODE = wholemodule;
				SWIFT_OPTIMIZATION_LEVEL = "-O";
				VALIDATE_PRODUCT = YES;
			};
			name = Release;
		};
		0849D9CD2776F28300CD65B8 /* Debug */ = {
			isa = XCBuildConfiguration;
			buildSettings = {
				ASSETCATALOG_COMPILER_APPICON_NAME = AppIcon;
				ASSETCATALOG_COMPILER_GLOBAL_ACCENT_COLOR_NAME = AccentColor;
				CODE_SIGN_STYLE = Automatic;
				CURRENT_PROJECT_VERSION = 1;
				DEVELOPMENT_TEAM = R7LQNWFAN2;
				GENERATE_INFOPLIST_FILE = YES;
				INFOPLIST_FILE = "Shopping list/Info.plist";
				INFOPLIST_KEY_UIApplicationSupportsIndirectInputEvents = YES;
				INFOPLIST_KEY_UILaunchStoryboardName = LaunchScreen;
				INFOPLIST_KEY_UIMainStoryboardFile = Main;
				INFOPLIST_KEY_UIRequiresFullScreen = NO;
				INFOPLIST_KEY_UISupportedInterfaceOrientations = UIInterfaceOrientationPortrait;
				INFOPLIST_KEY_UISupportedInterfaceOrientations_iPad = "UIInterfaceOrientationPortrait UIInterfaceOrientationPortraitUpsideDown UIInterfaceOrientationLandscapeLeft UIInterfaceOrientationLandscapeRight";
				INFOPLIST_KEY_UISupportedInterfaceOrientations_iPhone = "UIInterfaceOrientationPortrait UIInterfaceOrientationLandscapeLeft UIInterfaceOrientationLandscapeRight";
				IPHONEOS_DEPLOYMENT_TARGET = 15.2;
				LD_RUNPATH_SEARCH_PATHS = (
					"$(inherited)",
					"@executable_path/Frameworks",
				);
				MARKETING_VERSION = 1.0;
				PRODUCT_BUNDLE_IDENTIFIER = "com.xxxxxxx.Shopping-list";
				PRODUCT_NAME = "$(TARGET_NAME)";
				SWIFT_EMIT_LOC_STRINGS = YES;
				SWIFT_VERSION = 5.0;
				TARGETED_DEVICE_FAMILY = 1;
			};
			name = Debug;
		};
		0849D9CE2776F28300CD65B8 /* Release */ = {
			isa = XCBuildConfiguration;
			buildSettings = {
				ASSETCATALOG_COMPILER_APPICON_NAME = AppIcon;
				ASSETCATALOG_COMPILER_GLOBAL_ACCENT_COLOR_NAME = AccentColor;
				CODE_SIGN_STYLE = Automatic;
				CURRENT_PROJECT_VERSION = 1;
				DEVELOPMENT_TEAM = R7LQNWFAN2;
				GENERATE_INFOPLIST_FILE = YES;
				INFOPLIST_FILE = "Shopping list/Info.plist";
				INFOPLIST_KEY_UIApplicationSupportsIndirectInputEvents = YES;
				INFOPLIST_KEY_UILaunchStoryboardName = LaunchScreen;
				INFOPLIST_KEY_UIMainStoryboardFile = Main;
				INFOPLIST_KEY_UIRequiresFullScreen = NO;
				INFOPLIST_KEY_UISupportedInterfaceOrientations = UIInterfaceOrientationPortrait;
				INFOPLIST_KEY_UISupportedInterfaceOrientations_iPad = "UIInterfaceOrientationPortrait UIInterfaceOrientationPortraitUpsideDown UIInterfaceOrientationLandscapeLeft UIInterfaceOrientationLandscapeRight";
				INFOPLIST_KEY_UISupportedInterfaceOrientations_iPhone = "UIInterfaceOrientationPortrait UIInterfaceOrientationLandscapeLeft UIInterfaceOrientationLandscapeRight";
				IPHONEOS_DEPLOYMENT_TARGET = 15.2;
				LD_RUNPATH_SEARCH_PATHS = (
					"$(inherited)",
					"@executable_path/Frameworks",
				);
				MARKETING_VERSION = 1.0;
				PRODUCT_BUNDLE_IDENTIFIER = "com.xxxxxxx.Shopping-list";
				PRODUCT_NAME = "$(TARGET_NAME)";
				SWIFT_EMIT_LOC_STRINGS = YES;
				SWIFT_VERSION = 5.0;
				TARGETED_DEVICE_FAMILY = 1;
			};
			name = Release;
		};
/* End XCBuildConfiguration section */

/* Begin XCConfigurationList section */
		0849D9B32776F28200CD65B8 /* Build configuration list for PBXProject "Shopping list" */ = {
			isa = XCConfigurationList;
			buildConfigurations = (
				0849D9CA2776F28300CD65B8 /* Debug */,
				0849D9CB2776F28300CD65B8 /* Release */,
			);
			defaultConfigurationIsVisible = 0;
			defaultConfigurationName = Release;
		};
		0849D9CC2776F28300CD65B8 /* Build configuration list for PBXNativeTarget "Shopping list" */ = {
			isa = XCConfigurationList;
			buildConfigurations = (
				0849D9CD2776F28300CD65B8 /* Debug */,
				0849D9CE2776F28300CD65B8 /* Release */,
			);
			defaultConfigurationIsVisible = 0;
			defaultConfigurationName = Release;
		};
/* End XCConfigurationList section */
	};
	rootObject = 0849D9B02776F28200CD65B8 /* Project object */;
}
